
Microsoft Visual Studio Solution File, Format Version 12.00
# Visual Studio Version 17
VisualStudioVersion = 17.10.34916.146
MinimumVisualStudioVersion = 10.0.40219.1
Project("{9A19103F-16F7-4668-BE54-9A1E7A4F7556}") = "Авто - Лайки (Без Discord.NET)", "Авто - Лайки (Без Discord.NET)\Авто - Лайки (Без Discord.NET).csproj", "{CC77EBB0-D3AB-4350-B236-B0C0630D715F}"
EndProject
Project("{FAE04EC0-301F-11D3-BF4B-00C04F79EFBC}") = "apilib", "apilib\apilib.csproj", "{94EFD4FD-4B67-47A7-B9DC-7DE41A2EC2E4}"
EndProject
Global
	GlobalSection(SolutionConfigurationPlatforms) = preSolution
		Debug|Any CPU = Debug|Any CPU
		Release|Any CPU = Release|Any CPU
	EndGlobalSection
	GlobalSection(ProjectConfigurationPlatforms) = postSolution
		{CC77EBB0-D3AB-4350-B236-B0C0630D715F}.Debug|Any CPU.ActiveCfg = Debug|Any CPU
		{CC77EBB0-D3AB-4350-B236-B0C0630D715F}.Debug|Any CPU.Build.0 = Debug|Any CPU
		{CC77EBB0-D3AB-4350-B236-B0C0630D715F}.Release|Any CPU.ActiveCfg = Release|Any CPU
		{CC77EBB0-D3AB-4350-B236-B0C0630D715F}.Release|Any CPU.Build.0 = Release|Any CPU
		{94EFD4FD-4B67-47A7-B9DC-7DE41A2EC2E4}.Debug|Any CPU.ActiveCfg = Debug|Any CPU
		{94EFD4FD-4B67-47A7-B9DC-7DE41A2EC2E4}.Debug|Any CPU.Build.0 = Debug|Any CPU
		{94EFD4FD-4B67-47A7-B9DC-7DE41A2EC2E4}.Release|Any CPU.ActiveCfg = Release|Any CPU
		{94EFD4FD-4B67-47A7-B9DC-7DE41A2EC2E4}.Release|Any CPU.Build.0 = Release|Any CPU
	EndGlobalSection
	GlobalSection(SolutionProperties) = preSolution
		HideSolutionNode = FALSE
	EndGlobalSection
	GlobalSection(ExtensibilityGlobals) = postSolution
		SolutionGuid = {6DFBCD4A-8C6C-4A09-9D58-481D75E141F7}
	EndGlobalSection
EndGlobal
